<Solution>
  <Folder Name="/Solution Items/">
    <File Path=".editorconfig" />
    <File Path=".gitattributes" />
    <File Path=".gitignore" />
    <File Path="AGENTS.md" />
    <File Path="Analyzers.ruleset" />
    <File Path="Directory.Build.props" />
    <File Path="Directory.Build.targets" />
    <File Path="LICENSE" />
    <File Path="README.md" />
    <File Path="Settings.XamlStyler" />
    <File Path="TableOrder.Terminal.sln.DotSettings" />
  </Folder>
  <Folder Name="/docs/">
    <File Path="docs/api-design.md" />
    <File Path="docs/architecture.md" />
    <File Path="docs/plan.md" />
  </Folder>
  <Folder Name="/Shared/">
    <Project Path="src/TableOrder.Client/TableOrder.Client.csproj" />
    <Project Path="src/TableOrder.Contract/TableOrder.Contract.csproj" />
    <Project Path="src/TableOrder.Domain/TableOrder.Domain.csproj" />
  </Folder>
  <Folder Name="/Terminal/">
    <Project Path="src/TableOrder.Terminal.Table/TableOrder.Terminal.Table.csproj" DefaultStartup="true">
      <Deploy />
    </Project>
  </Folder>
  <Folder Name="/Test/">
    <Project Path="tests/TableOrder.Client.Tests/TableOrder.Client.Tests.csproj" />
    <Project Path="tests/TableOrder.Domain.Tests/TableOrder.Domain.Tests.csproj" />
  </Folder>
</Solution>
